
Microsoft Visual Studio Solution File, Format Version 12.00
# Visual Studio 15
VisualStudioVersion = 15.0.28307.106
MinimumVisualStudioVersion = 10.0.40219.1
Project("{9A19103F-16F7-4668-BE54-9A1E7A4F7556}") = "Novel", "Novel\Novel.csproj", "{C1515F0C-2BC4-4A6D-83B7-E9C7CAE327C0}"
EndProject
Project("{2150E333-8FDC-42A3-9474-1A3956D46DE8}") = "Solution Items", "Solution Items", "{928F4F1A-AAA6-4A35-88B2-785E884924EB}"
	ProjectSection(SolutionItems) = preProject
		.filenesting.json = .filenesting.json
	EndProjectSection
EndProject
Project("{9A19103F-16F7-4668-BE54-9A1E7A4F7556}") = "Novel.Utilities", "Novel.Utilities\Novel.Utilities.csproj", "{5C54AA13-744E-4D11-9B34-69CBB71E4AF7}"
EndProject
Project("{9A19103F-16F7-4668-BE54-9A1E7A4F7556}") = "Novel.Entity", "Novel.Entity\Novel.Entity.csproj", "{797FACE0-4C21-422D-A436-16E5178136DA}"
EndProject
Project("{9A19103F-16F7-4668-BE54-9A1E7A4F7556}") = "Novel.Service", "Novel.Business\Novel.Service.csproj", "{DDF8A0BF-D669-4718-B011-A72E2CB17D4C}"
EndProject
Project("{9A19103F-16F7-4668-BE54-9A1E7A4F7556}") = "Novel.Common", "Novel.Common\Novel.Common.csproj", "{8B8101D3-9467-48B2-BCFA-90EAA7E600F5}"
EndProject
Project("{9A19103F-16F7-4668-BE54-9A1E7A4F7556}") = "Novel.Mobile", "Novel.Mobile\Novel.Mobile.csproj", "{5E8272C4-1DE0-419A-8D90-80F2EB95CFB8}"
EndProject
Project("{2150E333-8FDC-42A3-9474-1A3956D46DE8}") = "WebSite", "WebSite", "{663FC1BF-DE8A-499D-8191-22E8FB204857}"
EndProject
Project("{2150E333-8FDC-42A3-9474-1A3956D46DE8}") = "Infrastructure", "Infrastructure", "{896963DC-F0AE-4966-957A-51B269265011}"
EndProject
Project("{2150E333-8FDC-42A3-9474-1A3956D46DE8}") = "Modules", "Modules", "{4FD5014C-3DA9-4BB6-ABBB-A097F375641E}"
EndProject
Project("{9A19103F-16F7-4668-BE54-9A1E7A4F7556}") = "Novel.WebApi", "Novel.WebApi\Novel.WebApi.csproj", "{4887C05B-4D30-4625-AC38-B8C0D78244D6}"
EndProject
Project("{FAE04EC0-301F-11D3-BF4B-00C04F79EFBC}") = "Novel.OAuth", "Novel.OAuth\Novel.OAuth.csproj", "{E4B88D3D-CF61-45CB-9F37-509B165DB2E9}"
EndProject
Global
	GlobalSection(SolutionConfigurationPlatforms) = preSolution
		Debug|Any CPU = Debug|Any CPU
		Release|Any CPU = Release|Any CPU
	EndGlobalSection
	GlobalSection(ProjectConfigurationPlatforms) = postSolution
		{C1515F0C-2BC4-4A6D-83B7-E9C7CAE327C0}.Debug|Any CPU.ActiveCfg = Debug|Any CPU
		{C1515F0C-2BC4-4A6D-83B7-E9C7CAE327C0}.Debug|Any CPU.Build.0 = Debug|Any CPU
		{C1515F0C-2BC4-4A6D-83B7-E9C7CAE327C0}.Release|Any CPU.ActiveCfg = Release|Any CPU
		{C1515F0C-2BC4-4A6D-83B7-E9C7CAE327C0}.Release|Any CPU.Build.0 = Release|Any CPU
		{5C54AA13-744E-4D11-9B34-69CBB71E4AF7}.Debug|Any CPU.ActiveCfg = Debug|Any CPU
		{5C54AA13-744E-4D11-9B34-69CBB71E4AF7}.Debug|Any CPU.Build.0 = Debug|Any CPU
		{5C54AA13-744E-4D11-9B34-69CBB71E4AF7}.Release|Any CPU.ActiveCfg = Release|Any CPU
		{5C54AA13-744E-4D11-9B34-69CBB71E4AF7}.Release|Any CPU.Build.0 = Release|Any CPU
		{797FACE0-4C21-422D-A436-16E5178136DA}.Debug|Any CPU.ActiveCfg = Debug|Any CPU
		{797FACE0-4C21-422D-A436-16E5178136DA}.Debug|Any CPU.Build.0 = Debug|Any CPU
		{797FACE0-4C21-422D-A436-16E5178136DA}.Release|Any CPU.ActiveCfg = Release|Any CPU
		{797FACE0-4C21-422D-A436-16E5178136DA}.Release|Any CPU.Build.0 = Release|Any CPU
		{DDF8A0BF-D669-4718-B011-A72E2CB17D4C}.Debug|Any CPU.ActiveCfg = Debug|Any CPU
		{DDF8A0BF-D669-4718-B011-A72E2CB17D4C}.Debug|Any CPU.Build.0 = Debug|Any CPU
		{DDF8A0BF-D669-4718-B011-A72E2CB17D4C}.Release|Any CPU.ActiveCfg = Release|Any CPU
		{DDF8A0BF-D669-4718-B011-A72E2CB17D4C}.Release|Any CPU.Build.0 = Release|Any CPU
		{8B8101D3-9467-48B2-BCFA-90EAA7E600F5}.Debug|Any CPU.ActiveCfg = Debug|Any CPU
		{8B8101D3-9467-48B2-BCFA-90EAA7E600F5}.Debug|Any CPU.Build.0 = Debug|Any CPU
		{8B8101D3-9467-48B2-BCFA-90EAA7E600F5}.Release|Any CPU.ActiveCfg = Release|Any CPU
		{8B8101D3-9467-48B2-BCFA-90EAA7E600F5}.Release|Any CPU.Build.0 = Release|Any CPU
		{5E8272C4-1DE0-419A-8D90-80F2EB95CFB8}.Debug|Any CPU.ActiveCfg = Debug|Any CPU
		{5E8272C4-1DE0-419A-8D90-80F2EB95CFB8}.Debug|Any CPU.Build.0 = Debug|Any CPU
		{5E8272C4-1DE0-419A-8D90-80F2EB95CFB8}.Release|Any CPU.ActiveCfg = Release|Any CPU
		{5E8272C4-1DE0-419A-8D90-80F2EB95CFB8}.Release|Any CPU.Build.0 = Release|Any CPU
		{4887C05B-4D30-4625-AC38-B8C0D78244D6}.Debug|Any CPU.ActiveCfg = Debug|Any CPU
		{4887C05B-4D30-4625-AC38-B8C0D78244D6}.Debug|Any CPU.Build.0 = Debug|Any CPU
		{4887C05B-4D30-4625-AC38-B8C0D78244D6}.Release|Any CPU.ActiveCfg = Release|Any CPU
		{4887C05B-4D30-4625-AC38-B8C0D78244D6}.Release|Any CPU.Build.0 = Release|Any CPU
		{E4B88D3D-CF61-45CB-9F37-509B165DB2E9}.Debug|Any CPU.ActiveCfg = Debug|Any CPU
		{E4B88D3D-CF61-45CB-9F37-509B165DB2E9}.Debug|Any CPU.Build.0 = Debug|Any CPU
		{E4B88D3D-CF61-45CB-9F37-509B165DB2E9}.Release|Any CPU.ActiveCfg = Release|Any CPU
		{E4B88D3D-CF61-45CB-9F37-509B165DB2E9}.Release|Any CPU.Build.0 = Release|Any CPU
	EndGlobalSection
	GlobalSection(SolutionProperties) = preSolution
		HideSolutionNode = FALSE
	EndGlobalSection
	GlobalSection(NestedProjects) = preSolution
		{C1515F0C-2BC4-4A6D-83B7-E9C7CAE327C0} = {663FC1BF-DE8A-499D-8191-22E8FB204857}
		{5C54AA13-744E-4D11-9B34-69CBB71E4AF7} = {896963DC-F0AE-4966-957A-51B269265011}
		{797FACE0-4C21-422D-A436-16E5178136DA} = {4FD5014C-3DA9-4BB6-ABBB-A097F375641E}
		{DDF8A0BF-D669-4718-B011-A72E2CB17D4C} = {896963DC-F0AE-4966-957A-51B269265011}
		{8B8101D3-9467-48B2-BCFA-90EAA7E600F5} = {896963DC-F0AE-4966-957A-51B269265011}
		{5E8272C4-1DE0-419A-8D90-80F2EB95CFB8} = {663FC1BF-DE8A-499D-8191-22E8FB204857}
		{4887C05B-4D30-4625-AC38-B8C0D78244D6} = {663FC1BF-DE8A-499D-8191-22E8FB204857}
		{E4B88D3D-CF61-45CB-9F37-509B165DB2E9} = {663FC1BF-DE8A-499D-8191-22E8FB204857}
	EndGlobalSection
	GlobalSection(ExtensibilityGlobals) = postSolution
		SolutionGuid = {BA5D93D8-588F-4E13-A649-6E19CB220E0A}
	EndGlobalSection
EndGlobal
